
Microsoft Visual Studio Solution File, Format Version 12.00
# Visual Studio 15
VisualStudioVersion = 15.0.26124.0
MinimumVisualStudioVersion = 15.0.26124.0
Project("{2150E333-8FDC-42A3-9474-1A3956D46DE8}") = "src", "src", "{40F252ED-DE92-4D91-9B61-7C161D4B38BD}"
EndProject
Project("{F2A71F9B-5D33-465A-A702-920D77279786}") = "GhaCatlightServer", "src\GhaCatlightServer\GhaCatlightServer.fsproj", "{804692B7-AEA0-438C-8D37-BE263045EFD1}"
EndProject
Project("{2150E333-8FDC-42A3-9474-1A3956D46DE8}") = "tests", "tests", "{ED952995-1CA9-4502-888A-EC9AF9134631}"
EndProject
Project("{F2A71F9B-5D33-465A-A702-920D77279786}") = "GhaCatlightServer.Tests", "tests\GhaCatlightServer.Tests\GhaCatlightServer.Tests.fsproj", "{79E50F08-DF0B-477C-8B49-8B57CF169488}"
EndProject
Global
	GlobalSection(SolutionConfigurationPlatforms) = preSolution
		Debug|Any CPU = Debug|Any CPU
		Debug|x64 = Debug|x64
		Debug|x86 = Debug|x86
		Release|Any CPU = Release|Any CPU
		Release|x64 = Release|x64
		Release|x86 = Release|x86
	EndGlobalSection
	GlobalSection(SolutionProperties) = preSolution
		HideSolutionNode = FALSE
	EndGlobalSection
	GlobalSection(ProjectConfigurationPlatforms) = postSolution
		{804692B7-AEA0-438C-8D37-BE263045EFD1}.Debug|Any CPU.ActiveCfg = Debug|Any CPU
		{804692B7-AEA0-438C-8D37-BE263045EFD1}.Debug|Any CPU.Build.0 = Debug|Any CPU
		{804692B7-AEA0-438C-8D37-BE263045EFD1}.Debug|x64.ActiveCfg = Debug|Any CPU
		{804692B7-AEA0-438C-8D37-BE263045EFD1}.Debug|x64.Build.0 = Debug|Any CPU
		{804692B7-AEA0-438C-8D37-BE263045EFD1}.Debug|x86.ActiveCfg = Debug|Any CPU
		{804692B7-AEA0-438C-8D37-BE263045EFD1}.Debug|x86.Build.0 = Debug|Any CPU
		{804692B7-AEA0-438C-8D37-BE263045EFD1}.Release|Any CPU.ActiveCfg = Release|Any CPU
		{804692B7-AEA0-438C-8D37-BE263045EFD1}.Release|Any CPU.Build.0 = Release|Any CPU
		{804692B7-AEA0-438C-8D37-BE263045EFD1}.Release|x64.ActiveCfg = Release|Any CPU
		{804692B7-AEA0-438C-8D37-BE263045EFD1}.Release|x64.Build.0 = Release|Any CPU
		{804692B7-AEA0-438C-8D37-BE263045EFD1}.Release|x86.ActiveCfg = Release|Any CPU
		{804692B7-AEA0-438C-8D37-BE263045EFD1}.Release|x86.Build.0 = Release|Any CPU
		{79E50F08-DF0B-477C-8B49-8B57CF169488}.Debug|Any CPU.ActiveCfg = Debug|Any CPU
		{79E50F08-DF0B-477C-8B49-8B57CF169488}.Debug|Any CPU.Build.0 = Debug|Any CPU
		{79E50F08-DF0B-477C-8B49-8B57CF169488}.Debug|x64.ActiveCfg = Debug|Any CPU
		{79E50F08-DF0B-477C-8B49-8B57CF169488}.Debug|x64.Build.0 = Debug|Any CPU
		{79E50F08-DF0B-477C-8B49-8B57CF169488}.Debug|x86.ActiveCfg = Debug|Any CPU
		{79E50F08-DF0B-477C-8B49-8B57CF169488}.Debug|x86.Build.0 = Debug|Any CPU
		{79E50F08-DF0B-477C-8B49-8B57CF169488}.Release|Any CPU.ActiveCfg = Release|Any CPU
		{79E50F08-DF0B-477C-8B49-8B57CF169488}.Release|Any CPU.Build.0 = Release|Any CPU
		{79E50F08-DF0B-477C-8B49-8B57CF169488}.Release|x64.ActiveCfg = Release|Any CPU
		{79E50F08-DF0B-477C-8B49-8B57CF169488}.Release|x64.Build.0 = Release|Any CPU
		{79E50F08-DF0B-477C-8B49-8B57CF169488}.Release|x86.ActiveCfg = Release|Any CPU
		{79E50F08-DF0B-477C-8B49-8B57CF169488}.Release|x86.Build.0 = Release|Any CPU
	EndGlobalSection
	GlobalSection(NestedProjects) = preSolution
		{804692B7-AEA0-438C-8D37-BE263045EFD1} = {40F252ED-DE92-4D91-9B61-7C161D4B38BD}
		{79E50F08-DF0B-477C-8B49-8B57CF169488} = {ED952995-1CA9-4502-888A-EC9AF9134631}
	EndGlobalSection
EndGlobal
